
Microsoft Visual Studio Solution File, Format Version 12.00
# Visual Studio Version 17
VisualStudioVersion = 17.11.35327.3
MinimumVisualStudioVersion = 10.0.40219.1
Project("{9A19103F-16F7-4668-BE54-9A1E7A4F7556}") = "RGRStreetParser", "RGRStreetParser\RGRStreetParser.csproj", "{471C6F81-BFF9-44E7-A490-3FD967A7B823}"
EndProject
Project("{FAE04EC0-301F-11D3-BF4B-00C04F79EFBC}") = "TestProject2", "TestProject2\TestProject2.csproj", "{89BB2A06-78FC-40C2-B001-99FD9AE2EE78}"
EndProject
Project("{FAE04EC0-301F-11D3-BF4B-00C04F79EFBC}") = "Core", "Core\Core.csproj", "{E7C478AF-8F2D-4205-A290-833F8978566F}"
EndProject
Global
	GlobalSection(SolutionConfigurationPlatforms) = preSolution
		Debug|Any CPU = Debug|Any CPU
		Release|Any CPU = Release|Any CPU
	EndGlobalSection
	GlobalSection(ProjectConfigurationPlatforms) = postSolution
		{471C6F81-BFF9-44E7-A490-3FD967A7B823}.Debug|Any CPU.ActiveCfg = Debug|Any CPU
		{471C6F81-BFF9-44E7-A490-3FD967A7B823}.Debug|Any CPU.Build.0 = Debug|Any CPU
		{471C6F81-BFF9-44E7-A490-3FD967A7B823}.Release|Any CPU.ActiveCfg = Release|Any CPU
		{471C6F81-BFF9-44E7-A490-3FD967A7B823}.Release|Any CPU.Build.0 = Release|Any CPU
		{89BB2A06-78FC-40C2-B001-99FD9AE2EE78}.Debug|Any CPU.ActiveCfg = Debug|Any CPU
		{89BB2A06-78FC-40C2-B001-99FD9AE2EE78}.Debug|Any CPU.Build.0 = Debug|Any CPU
		{89BB2A06-78FC-40C2-B001-99FD9AE2EE78}.Release|Any CPU.ActiveCfg = Release|Any CPU
		{89BB2A06-78FC-40C2-B001-99FD9AE2EE78}.Release|Any CPU.Build.0 = Release|Any CPU
		{E7C478AF-8F2D-4205-A290-833F8978566F}.Debug|Any CPU.ActiveCfg = Debug|Any CPU
		{E7C478AF-8F2D-4205-A290-833F8978566F}.Debug|Any CPU.Build.0 = Debug|Any CPU
		{E7C478AF-8F2D-4205-A290-833F8978566F}.Release|Any CPU.ActiveCfg = Release|Any CPU
		{E7C478AF-8F2D-4205-A290-833F8978566F}.Release|Any CPU.Build.0 = Release|Any CPU
	EndGlobalSection
	GlobalSection(SolutionProperties) = preSolution
		HideSolutionNode = FALSE
	EndGlobalSection
	GlobalSection(ExtensibilityGlobals) = postSolution
		SolutionGuid = {CE016E1B-EDB3-4A04-9E14-13FFC2604700}
	EndGlobalSection
EndGlobal
